
Microsoft Visual Studio Solution File, Format Version 12.00
# Visual Studio Version 16
VisualStudioVersion = 16.0.30907.101
MinimumVisualStudioVersion = 10.0.40219.1
Project("{9A19103F-16F7-4668-BE54-9A1E7A4F7556}") = "TradingBotPrj", "TradingBotPrj\TradingBotPrj.csproj", "{D0C8DA34-6AE4-4127-8087-B803243D6F08}"
EndProject
Global
	GlobalSection(SolutionConfigurationPlatforms) = preSolution
		Debug|Any CPU = Debug|Any CPU
		Release|Any CPU = Release|Any CPU
	EndGlobalSection
	GlobalSection(ProjectConfigurationPlatforms) = postSolution
		{D0C8DA34-6AE4-4127-8087-B803243D6F08}.Debug|Any CPU.ActiveCfg = Debug|Any CPU
		{D0C8DA34-6AE4-4127-8087-B803243D6F08}.Debug|Any CPU.Build.0 = Debug|Any CPU
		{D0C8DA34-6AE4-4127-8087-B803243D6F08}.Release|Any CPU.ActiveCfg = Release|Any CPU
		{D0C8DA34-6AE4-4127-8087-B803243D6F08}.Release|Any CPU.Build.0 = Release|Any CPU
	EndGlobalSection
	GlobalSection(SolutionProperties) = preSolution
		HideSolutionNode = FALSE
	EndGlobalSection
	GlobalSection(ExtensibilityGlobals) = postSolution
		SolutionGuid = {3083429B-D716-4919-A2EF-19D161E7F85E}
	EndGlobalSection
EndGlobal
